{
  "nodes": {
    "nixpkgs": {
      "locked": {
        "lastModified": 1733212471,
        "narHash": "sha256-M1+uCoV5igihRfcUKrr1riygbe73/dzNnzPsmaLCmpo=",
        "path": "/nix/store/vqhkmj60457j8nrw9vb94ln40rkic1p6-source",
        "rev": "55d15ad12a74eb7d4646254e13638ad0c4128776",
        "type": "path"
      },
      "original": {
        "id": "nixpkgs-unstable",
        "type": "indirect"
      }
    },
    "root": {
      "inputs": {
        "nixpkgs": "nixpkgs",
        "zmk-nix": "zmk-nix"
      }
    },
    "zmk-nix": {
      "inputs": {
        "nixpkgs": [
          "nixpkgs"
        ]
      },
      "locked": {
        "lastModified": 1733618330,
        "narHash": "sha256-lC6xmEq8bDNehHeJDnuW4E1/UUjaOYRV56VxYPrD7Lo=",
        "owner": "lilyinstarlight",
        "repo": "zmk-nix",
        "rev": "ca1be938a79673641a2e6ef9a9289cc8c320dc79",
        "type": "github"
      },
      "original": {
        "owner": "lilyinstarlight",
        "repo": "zmk-nix",
        "type": "github"
      }
    }
  },
  "root": "root",
  "version": 7
}
